// !$*UTF8*$!
{
	archiveVersion = 1;
	classes = {
	};
	objectVersion = 46;
	objects = {

/* Begin PBXBuildFile section */
		7B3246901CD0AD8F00E577AF /* MenuViewController.swift in Sources */ = {isa = PBXBuildFile; fileRef = 7B32468F1CD0AD8F00E577AF /* MenuViewController.swift */; };
		7B9207D31CD081A3001CFE22 /* AppDelegate.swift in Sources */ = {isa = PBXBuildFile; fileRef = 7B9207D21CD081A3001CFE22 /* AppDelegate.swift */; };
		7B9207D51CD081A3001CFE22 /* ViewController.swift in Sources */ = {isa = PBXBuildFile; fileRef = 7B9207D41CD081A3001CFE22 /* ViewController.swift */; };
		7B9207D81CD081A3001CFE22 /* Main.storyboard in Resources */ = {isa = PBXBuildFile; fileRef = 7B9207D61CD081A3001CFE22 /* Main.storyboard */; };
		7B9207DA1CD081A3001CFE22 /* Assets.xcassets in Resources */ = {isa = PBXBuildFile; fileRef = 7B9207D91CD081A3001CFE22 /* Assets.xcassets */; };
		7B9207DD1CD081A3001CFE22 /* LaunchScreen.storyboard in Resources */ = {isa = PBXBuildFile; fileRef = 7B9207DB1CD081A3001CFE22 /* LaunchScreen.storyboard */; };
		7B9207E91CD08315001CFE22 /* SlideMenuSegue.swift in Sources */ = {isa = PBXBuildFile; fileRef = 7B9207E81CD08315001CFE22 /* SlideMenuSegue.swift */; };
/* End PBXBuildFile section */

/* Begin PBXFileReference section */
		7B32468F1CD0AD8F00E577AF /* MenuViewController.swift */ = {isa = PBXFileReference; fileEncoding = 4; lastKnownFileType = sourcecode.swift; path = MenuViewController.swift; sourceTree = "<group>"; };
		7B9207CF1CD081A3001CFE22 /* SlideMenuTransition.app */ = {isa = PBXFileReference; explicitFileType = wrapper.application; includeInIndex = 0; path = SlideMenuTransition.app; sourceTree = BUILT_PRODUCTS_DIR; };
		7B9207D21CD081A3001CFE22 /* AppDelegate.swift */ = {isa = PBXFileReference; lastKnownFileType = sourcecode.swift; path = AppDelegate.swift; sourceTree = "<group>"; };
		7B9207D41CD081A3001CFE22 /* ViewController.swift */ = {isa = PBXFileReference; lastKnownFileType = sourcecode.swift; path = ViewController.swift; sourceTree = "<group>"; };
		7B9207D71CD081A3001CFE22 /* Base */ = {isa = PBXFileReference; lastKnownFileType = file.storyboard; name = Base; path = Base.lproj/Main.storyboard; sourceTree = "<group>"; };
		7B9207D91CD081A3001CFE22 /* Assets.xcassets */ = {isa = PBXFileReference; lastKnownFileType = folder.assetcatalog; path = Assets.xcassets; sourceTree = "<group>"; };
		7B9207DC1CD081A3001CFE22 /* Base */ = {isa = PBXFileReference; lastKnownFileType = file.storyboard; name = Base; path = Base.lproj/LaunchScreen.storyboard; sourceTree = "<group>"; };
		7B9207DE1CD081A3001CFE22 /* Info.plist */ = {isa = PBXFileReference; lastKnownFileType = text.plist.xml; path = Info.plist; sourceTree = "<group>"; };
		7B9207E81CD08315001CFE22 /* SlideMenuSegue.swift */ = {isa = PBXFileReference; fileEncoding = 4; lastKnownFileType = sourcecode.swift; path = SlideMenuSegue.swift; sourceTree = "<group>"; };
/* End PBXFileReference section */

/* Begin PBXFrameworksBuildPhase section */
		7B9207CC1CD081A3001CFE22 /* Frameworks */ = {
			isa = PBXFrameworksBuildPhase;
			buildActionMask = 2147483647;
			files = (
			);
			runOnlyForDeploymentPostprocessing = 0;
		};
/* End PBXFrameworksBuildPhase section */

/* Begin PBXGroup section */
		7B9207C61CD081A3001CFE22 = {
			isa = PBXGroup;
			children = (
				7B9207D11CD081A3001CFE22 /* SlideMenuTransition */,
				7B9207D01CD081A3001CFE22 /* Products */,
			);
			sourceTree = "<group>";
		};
		7B9207D01CD081A3001CFE22 /* Products */ = {
			isa = PBXGroup;
			children = (
				7B9207CF1CD081A3001CFE22 /* SlideMenuTransition.app */,
			);
			name = Products;
			sourceTree = "<group>";
		};
		7B9207D11CD081A3001CFE22 /* SlideMenuTransition */ = {
			isa = PBXGroup;
			children = (
				7B9207D21CD081A3001CFE22 /* AppDelegate.swift */,
				7B9207D41CD081A3001CFE22 /* ViewController.swift */,
				7B32468F1CD0AD8F00E577AF /* MenuViewController.swift */,
				7B9207E81CD08315001CFE22 /* SlideMenuSegue.swift */,
				7B9207D61CD081A3001CFE22 /* Main.storyboard */,
				7B9207D91CD081A3001CFE22 /* Assets.xcassets */,
				7B9207DB1CD081A3001CFE22 /* LaunchScreen.storyboard */,
				7B9207DE1CD081A3001CFE22 /* Info.plist */,
			);
			path = SlideMenuTransition;
			sourceTree = "<group>";
		};
/* End PBXGroup section */

/* Begin PBXNativeTarget section */
		7B9207CE1CD081A3001CFE22 /* SlideMenuTransition */ = {
			isa = PBXNativeTarget;
			buildConfigurationList = 7B9207E11CD081A3001CFE22 /* Build configuration list for PBXNativeTarget "SlideMenuTransition" */;
			buildPhases = (
				7B9207CB1CD081A3001CFE22 /* Sources */,
				7B9207CC1CD081A3001CFE22 /* Frameworks */,
				7B9207CD1CD081A3001CFE22 /* Resources */,
			);
			buildRules = (
			);
			dependencies = (
			);
			name = SlideMenuTransition;
			productName = SlideMenuTransition;
			productReference = 7B9207CF1CD081A3001CFE22 /* SlideMenuTransition.app */;
			productType = "com.apple.product-type.application";
		};
/* End PBXNativeTarget section */

/* Begin PBXProject section */
		7B9207C71CD081A3001CFE22 /* Project object */ = {
			isa = PBXProject;
			attributes = {
				LastSwiftUpdateCheck = 0730;
				LastUpgradeCheck = 0730;
				ORGANIZATIONNAME = daqian;
				TargetAttributes = {
					7B9207CE1CD081A3001CFE22 = {
						CreatedOnToolsVersion = 7.3;
					};
				};
			};
			buildConfigurationList = 7B9207CA1CD081A3001CFE22 /* Build configuration list for PBXProject "SlideMenuTransition" */;
			compatibilityVersion = "Xcode 3.2";
			developmentRegion = English;
			hasScannedForEncodings = 0;
			knownRegions = (
				en,
				Base,
			);
			mainGroup = 7B9207C61CD081A3001CFE22;
			productRefGroup = 7B9207D01CD081A3001CFE22 /* Products */;
			projectDirPath = "";
			projectRoot = "";
			targets = (
				7B9207CE1CD081A3001CFE22 /* SlideMenuTransition */,
			);
		};
/* End PBXProject section */

/* Begin PBXResourcesBuildPhase section */
		7B9207CD1CD081A3001CFE22 /* Resources */ = {
			isa = PBXResourcesBuildPhase;
			buildActionMask = 2147483647;
			files = (
				7B9207DD1CD081A3001CFE22 /* LaunchScreen.storyboard in Resources */,
				7B9207DA1CD081A3001CFE22 /* Assets.xcassets in Resources */,
				7B9207D81CD081A3001CFE22 /* Main.storyboard in Resources */,
			);
			runOnlyForDeploymentPostprocessing = 0;
		};
/* End PBXResourcesBuildPhase section */

/* Begin PBXSourcesBuildPhase section */
		7B9207CB1CD081A3001CFE22 /* Sources */ = {
			isa = PBXSourcesBuildPhase;
			buildActionMask = 2147483647;
			files = (
				7B9207D51CD081A3001CFE22 /* ViewController.swift in Sources */,
				7B3246901CD0AD8F00E577AF /* MenuViewController.swift in Sources */,
				7B9207E91CD08315001CFE22 /* SlideMenuSegue.swift in Sources */,
				7B9207D31CD081A3001CFE22 /* AppDelegate.swift in Sources */,
			);
			runOnlyForDeploymentPostprocessing = 0;
		};
/* End PBXSourcesBuildPhase section */

/* Begin PBXVariantGroup section */
		7B9207D61CD081A3001CFE22 /* Main.storyboard */ = {
			isa = PBXVariantGroup;
			children = (
				7B9207D71CD081A3001CFE22 /* Base */,
			);
			name = Main.storyboard;
			sourceTree = "<group>";
		};
		7B9207DB1CD081A3001CFE22 /* LaunchScreen.storyboard */ = {
			isa = PBXVariantGroup;
			children = (
				7B9207DC1CD081A3001CFE22 /* Base */,
			);
			name = LaunchScreen.storyboard;
			sourceTree = "<group>";
		};
/* End PBXVariantGroup section */

/* Begin XCBuildConfiguration section */
		7B9207DF1CD081A3001CFE22 /* Debug */ = {
			isa = XCBuildConfiguration;
			buildSettings = {
				ALWAYS_SEARCH_USER_PATHS = NO;
				CLANG_ANALYZER_NONNULL = YES;
				CLANG_CXX_LANGUAGE_STANDARD = "gnu++0x";
				CLANG_CXX_LIBRARY = "libc++";
				CLANG_ENABLE_MODULES = YES;
				CLANG_ENABLE_OBJC_ARC = YES;
				CLANG_WARN_BOOL_CONVERSION = YES;
				CLANG_WARN_CONSTANT_CONVERSION = YES;
				CLANG_WARN_DIRECT_OBJC_ISA_USAGE = YES_ERROR;
				CLANG_WARN_EMPTY_BODY = YES;
				CLANG_WARN_ENUM_CONVERSION = YES;
				CLANG_WARN_INT_CONVERSION = YES;
				CLANG_WARN_OBJC_ROOT_CLASS = YES_ERROR;
				CLANG_WARN_UNREACHABLE_CODE = YES;
				CLANG_WARN__DUPLICATE_METHOD_MATCH = YES;
				"CODE_SIGN_IDENTITY[sdk=iphoneos*]" = "iPhone Developer";
				COPY_PHASE_STRIP = NO;
				DEBUG_INFORMATION_FORMAT = dwarf;
				ENABLE_STRICT_OBJC_MSGSEND = YES;
				ENABLE_TESTABILITY = YES;
				GCC_C_LANGUAGE_STANDARD = gnu99;
				GCC_DYNAMIC_NO_PIC = NO;
				GCC_NO_COMMON_BLOCKS = YES;
				GCC_OPTIMIZATION_LEVEL = 0;
				GCC_PREPROCESSOR_DEFINITIONS = (
					"DEBUG=1",
					"$(inherited)",
				);
				GCC_WARN_64_TO_32_BIT_CONVERSION = YES;
				GCC_WARN_ABOUT_RETURN_TYPE = YES_ERROR;
				GCC_WARN_UNDECLARED_SELECTOR = YES;
				GCC_WARN_UNINITIALIZED_AUTOS = YES_AGGRESSIVE;
				GCC_WARN_UNUSED_FUNCTION = YES;
				GCC_WARN_UNUSED_VARIABLE = YES;
				IPHONEOS_DEPLOYMENT_TARGET = 9.3;
				MTL_ENABLE_DEBUG_INFO = YES;
				ONLY_ACTIVE_ARCH = YES;
				SDKROOT = iphoneos;
				SWIFT_OPTIMIZATION_LEVEL = "-Onone";
				TARGETED_DEVICE_FAMILY = "1,2";
			};
			name = Debug;
		};
		7B9207E01CD081A3001CFE22 /* Release */ = {
			isa = XCBuildConfiguration;
			buildSettings = {
				ALWAYS_SEARCH_USER_PATHS = NO;
				CLANG_ANALYZER_NONNULL = YES;
				CLANG_CXX_LANGUAGE_STANDARD = "gnu++0x";
				CLANG_CXX_LIBRARY = "libc++";
				CLANG_ENABLE_MODULES = YES;
				CLANG_ENABLE_OBJC_ARC = YES;
				CLANG_WARN_BOOL_CONVERSION = YES;
				CLANG_WARN_CONSTANT_CONVERSION = YES;
				CLANG_WARN_DIRECT_OBJC_ISA_USAGE = YES_ERROR;
				CLANG_WARN_EMPTY_BODY = YES;
				CLANG_WARN_ENUM_CONVERSION = YES;
				CLANG_WARN_INT_CONVERSION = YES;
				CLANG_WARN_OBJC_ROOT_CLASS = YES_ERROR;
				CLANG_WARN_UNREACHABLE_CODE = YES;
				CLANG_WARN__DUPLICATE_METHOD_MATCH = YES;
				"CODE_SIGN_IDENTITY[sdk=iphoneos*]" = "iPhone Developer";
				COPY_PHASE_STRIP = NO;
				DEBUG_INFORMATION_FORMAT = "dwarf-with-dsym";
				ENABLE_NS_ASSERTIONS = NO;
				ENABLE_STRICT_OBJC_MSGSEND = YES;
				GCC_C_LANGUAGE_STANDARD = gnu99;
				GCC_NO_COMMON_BLOCKS = YES;
				GCC_WARN_64_TO_32_BIT_CONVERSION = YES;
				GCC_WARN_ABOUT_RETURN_TYPE = YES_ERROR;
				GCC_WARN_UNDECLARED_SELECTOR = YES;
				GCC_WARN_UNINITIALIZED_AUTOS = YES_AGGRESSIVE;
				GCC_WARN_UNUSED_FUNCTION = YES;
				GCC_WARN_UNUSED_VARIABLE = YES;
				IPHONEOS_DEPLOYMENT_TARGET = 9.3;
				MTL_ENABLE_DEBUG_INFO = NO;
				SDKROOT = iphoneos;
				TARGETED_DEVICE_FAMILY = "1,2";
				VALIDATE_PRODUCT = YES;
			};
			name = Release;
		};
		7B9207E21CD081A3001CFE22 /* Debug */ = {
			isa = XCBuildConfiguration;
			buildSettings = {
				ASSETCATALOG_COMPILER_APPICON_NAME = AppIcon;
				INFOPLIST_FILE = SlideMenuTransition/Info.plist;
				LD_RUNPATH_SEARCH_PATHS = "$(inherited) @executable_path/Frameworks";
				PRODUCT_BUNDLE_IDENTIFIER = com.SlideMenuTransition;
				PRODUCT_NAME = "$(TARGET_NAME)";
			};
			name = Debug;
		};
		7B9207E31CD081A3001CFE22 /* Release */ = {
			isa = XCBuildConfiguration;
			buildSettings = {
				ASSETCATALOG_COMPILER_APPICON_NAME = AppIcon;
				INFOPLIST_FILE = SlideMenuTransition/Info.plist;
				LD_RUNPATH_SEARCH_PATHS = "$(inherited) @executable_path/Frameworks";
				PRODUCT_BUNDLE_IDENTIFIER = com.SlideMenuTransition;
				PRODUCT_NAME = "$(TARGET_NAME)";
			};
			name = Release;
		};
/* End XCBuildConfiguration section */

/* Begin XCConfigurationList section */
		7B9207CA1CD081A3001CFE22 /* Build configuration list for PBXProject "SlideMenuTransition" */ = {
			isa = XCConfigurationList;
			buildConfigurations = (
				7B9207DF1CD081A3001CFE22 /* Debug */,
				7B9207E01CD081A3001CFE22 /* Release */,
			);
			defaultConfigurationIsVisible = 0;
			defaultConfigurationName = Release;
		};
		7B9207E11CD081A3001CFE22 /* Build configuration list for PBXNativeTarget "SlideMenuTransition" */ = {
			isa = XCConfigurationList;
			buildConfigurations = (
				7B9207E21CD081A3001CFE22 /* Debug */,
				7B9207E31CD081A3001CFE22 /* Release */,
			);
			defaultConfigurationIsVisible = 0;
			defaultConfigurationName = Release;
		};
/* End XCConfigurationList section */
	};
	rootObject = 7B9207C71CD081A3001CFE22 /* Project object */;
}
